
Microsoft Visual Studio Solution File, Format Version 12.00
# Visual Studio Version 16
VisualStudioVersion = 16.0.31005.135
MinimumVisualStudioVersion = 10.0.40219.1
Project("{FAE04EC0-301F-11D3-BF4B-00C04F79EFBC}") = "Collection", "Collection\Collection.csproj", "{363616D1-D370-4B1C-8C92-9A62FC58968F}"
EndProject
Global
	GlobalSection(SolutionConfigurationPlatforms) = preSolution
		Debug|Any CPU = Debug|Any CPU
		Release|Any CPU = Release|Any CPU
	EndGlobalSection
	GlobalSection(ProjectConfigurationPlatforms) = postSolution
		{363616D1-D370-4B1C-8C92-9A62FC58968F}.Debug|Any CPU.ActiveCfg = Debug|Any CPU
		{363616D1-D370-4B1C-8C92-9A62FC58968F}.Debug|Any CPU.Build.0 = Debug|Any CPU
		{363616D1-D370-4B1C-8C92-9A62FC58968F}.Release|Any CPU.ActiveCfg = Release|Any CPU
		{363616D1-D370-4B1C-8C92-9A62FC58968F}.Release|Any CPU.Build.0 = Release|Any CPU
	EndGlobalSection
	GlobalSection(SolutionProperties) = preSolution
		HideSolutionNode = FALSE
	EndGlobalSection
	GlobalSection(ExtensibilityGlobals) = postSolution
		SolutionGuid = {F55C136C-135C-4D6C-B553-9047DD86203B}
	EndGlobalSection
EndGlobal
